
Microsoft Visual Studio Solution File, Format Version 12.00
# Visual Studio Version 17
VisualStudioVersion = 17.0.31903.59
MinimumVisualStudioVersion = 10.0.40219.1
Project("{2150E333-8FDC-42A3-9474-1A3956D46DE8}") = "src", "src", "{827E0CD3-B72D-47B6-A68D-7590B98EB39B}"
EndProject
Project("{FAE04EC0-301F-11D3-BF4B-00C04F79EFBC}") = "VetApi.Domain", "src\VetApi.Domain\VetApi.Domain.csproj", "{562E2246-C434-4469-A24C-E5828F057944}"
EndProject
Project("{FAE04EC0-301F-11D3-BF4B-00C04F79EFBC}") = "VetApi.Application", "src\VetApi.Application\VetApi.Application.csproj", "{2056BE45-1706-4A4D-8426-E629AC385753}"
EndProject
Project("{FAE04EC0-301F-11D3-BF4B-00C04F79EFBC}") = "VetApi.Infrastructure", "src\VetApi.Infrastructure\VetApi.Infrastructure.csproj", "{2058FC3E-447A-422B-8D39-F48BCFC08E19}"
EndProject
Project("{FAE04EC0-301F-11D3-BF4B-00C04F79EFBC}") = "VetApi.Api", "src\VetApi.Api\VetApi.Api.csproj", "{8BD9EA05-9164-44A9-A308-DAE6896A8A3F}"
EndProject
Project("{2150E333-8FDC-42A3-9474-1A3956D46DE8}") = "tests", "tests", "{0AB3BF05-4346-4AA6-1389-037BE0695223}"
EndProject
Project("{FAE04EC0-301F-11D3-BF4B-00C04F79EFBC}") = "VetApi.UnitTests", "tests\VetApi.UnitTests\VetApi.UnitTests.csproj", "{4FD9C2E4-342D-4B09-878F-ED70AF5EF1D2}"
EndProject
Project("{FAE04EC0-301F-11D3-BF4B-00C04F79EFBC}") = "VetApi.IntegrationTests", "tests\VetApi.IntegrationTests\VetApi.IntegrationTests.csproj", "{CF28E6DB-D41F-4C5C-AB8A-ADC382F6133C}"
EndProject
Global
	GlobalSection(SolutionConfigurationPlatforms) = preSolution
		Debug|Any CPU = Debug|Any CPU
		Debug|x64 = Debug|x64
		Debug|x86 = Debug|x86
		Release|Any CPU = Release|Any CPU
		Release|x64 = Release|x64
		Release|x86 = Release|x86
	EndGlobalSection
	GlobalSection(ProjectConfigurationPlatforms) = postSolution
		{562E2246-C434-4469-A24C-E5828F057944}.Debug|Any CPU.ActiveCfg = Debug|Any CPU
		{562E2246-C434-4469-A24C-E5828F057944}.Debug|Any CPU.Build.0 = Debug|Any CPU
		{562E2246-C434-4469-A24C-E5828F057944}.Debug|x64.ActiveCfg = Debug|Any CPU
		{562E2246-C434-4469-A24C-E5828F057944}.Debug|x64.Build.0 = Debug|Any CPU
		{562E2246-C434-4469-A24C-E5828F057944}.Debug|x86.ActiveCfg = Debug|Any CPU
		{562E2246-C434-4469-A24C-E5828F057944}.Debug|x86.Build.0 = Debug|Any CPU
		{562E2246-C434-4469-A24C-E5828F057944}.Release|Any CPU.ActiveCfg = Release|Any CPU
		{562E2246-C434-4469-A24C-E5828F057944}.Release|Any CPU.Build.0 = Release|Any CPU
		{562E2246-C434-4469-A24C-E5828F057944}.Release|x64.ActiveCfg = Release|Any CPU
		{562E2246-C434-4469-A24C-E5828F057944}.Release|x64.Build.0 = Release|Any CPU
		{562E2246-C434-4469-A24C-E5828F057944}.Release|x86.ActiveCfg = Release|Any CPU
		{562E2246-C434-4469-A24C-E5828F057944}.Release|x86.Build.0 = Release|Any CPU
		{2056BE45-1706-4A4D-8426-E629AC385753}.Debug|Any CPU.ActiveCfg = Debug|Any CPU
		{2056BE45-1706-4A4D-8426-E629AC385753}.Debug|Any CPU.Build.0 = Debug|Any CPU
		{2056BE45-1706-4A4D-8426-E629AC385753}.Debug|x64.ActiveCfg = Debug|Any CPU
		{2056BE45-1706-4A4D-8426-E629AC385753}.Debug|x64.Build.0 = Debug|Any CPU
		{2056BE45-1706-4A4D-8426-E629AC385753}.Debug|x86.ActiveCfg = Debug|Any CPU
		{2056BE45-1706-4A4D-8426-E629AC385753}.Debug|x86.Build.0 = Debug|Any CPU
		{2056BE45-1706-4A4D-8426-E629AC385753}.Release|Any CPU.ActiveCfg = Release|Any CPU
		{2056BE45-1706-4A4D-8426-E629AC385753}.Release|Any CPU.Build.0 = Release|Any CPU
		{2056BE45-1706-4A4D-8426-E629AC385753}.Release|x64.ActiveCfg = Release|Any CPU
		{2056BE45-1706-4A4D-8426-E629AC385753}.Release|x64.Build.0 = Release|Any CPU
		{2056BE45-1706-4A4D-8426-E629AC385753}.Release|x86.ActiveCfg = Release|Any CPU
		{2056BE45-1706-4A4D-8426-E629AC385753}.Release|x86.Build.0 = Release|Any CPU
		{2058FC3E-447A-422B-8D39-F48BCFC08E19}.Debug|Any CPU.ActiveCfg = Debug|Any CPU
		{2058FC3E-447A-422B-8D39-F48BCFC08E19}.Debug|Any CPU.Build.0 = Debug|Any CPU
		{2058FC3E-447A-422B-8D39-F48BCFC08E19}.Debug|x64.ActiveCfg = Debug|Any CPU
		{2058FC3E-447A-422B-8D39-F48BCFC08E19}.Debug|x64.Build.0 = Debug|Any CPU
		{2058FC3E-447A-422B-8D39-F48BCFC08E19}.Debug|x86.ActiveCfg = Debug|Any CPU
		{2058FC3E-447A-422B-8D39-F48BCFC08E19}.Debug|x86.Build.0 = Debug|Any CPU
		{2058FC3E-447A-422B-8D39-F48BCFC08E19}.Release|Any CPU.ActiveCfg = Release|Any CPU
		{2058FC3E-447A-422B-8D39-F48BCFC08E19}.Release|Any CPU.Build.0 = Release|Any CPU
		{2058FC3E-447A-422B-8D39-F48BCFC08E19}.Release|x64.ActiveCfg = Release|Any CPU
		{2058FC3E-447A-422B-8D39-F48BCFC08E19}.Release|x64.Build.0 = Release|Any CPU
		{2058FC3E-447A-422B-8D39-F48BCFC08E19}.Release|x86.ActiveCfg = Release|Any CPU
		{2058FC3E-447A-422B-8D39-F48BCFC08E19}.Release|x86.Build.0 = Release|Any CPU
		{8BD9EA05-9164-44A9-A308-DAE6896A8A3F}.Debug|Any CPU.ActiveCfg = Debug|Any CPU
		{8BD9EA05-9164-44A9-A308-DAE6896A8A3F}.Debug|Any CPU.Build.0 = Debug|Any CPU
		{8BD9EA05-9164-44A9-A308-DAE6896A8A3F}.Debug|x64.ActiveCfg = Debug|Any CPU
		{8BD9EA05-9164-44A9-A308-DAE6896A8A3F}.Debug|x64.Build.0 = Debug|Any CPU
		{8BD9EA05-9164-44A9-A308-DAE6896A8A3F}.Debug|x86.ActiveCfg = Debug|Any CPU
		{8BD9EA05-9164-44A9-A308-DAE6896A8A3F}.Debug|x86.Build.0 = Debug|Any CPU
		{8BD9EA05-9164-44A9-A308-DAE6896A8A3F}.Release|Any CPU.ActiveCfg = Release|Any CPU
		{8BD9EA05-9164-44A9-A308-DAE6896A8A3F}.Release|Any CPU.Build.0 = Release|Any CPU
		{8BD9EA05-9164-44A9-A308-DAE6896A8A3F}.Release|x64.ActiveCfg = Release|Any CPU
		{8BD9EA05-9164-44A9-A308-DAE6896A8A3F}.Release|x64.Build.0 = Release|Any CPU
		{8BD9EA05-9164-44A9-A308-DAE6896A8A3F}.Release|x86.ActiveCfg = Release|Any CPU
		{8BD9EA05-9164-44A9-A308-DAE6896A8A3F}.Release|x86.Build.0 = Release|Any CPU
		{4FD9C2E4-342D-4B09-878F-ED70AF5EF1D2}.Debug|Any CPU.ActiveCfg = Debug|Any CPU
		{4FD9C2E4-342D-4B09-878F-ED70AF5EF1D2}.Debug|Any CPU.Build.0 = Debug|Any CPU
		{4FD9C2E4-342D-4B09-878F-ED70AF5EF1D2}.Debug|x64.ActiveCfg = Debug|Any CPU
		{4FD9C2E4-342D-4B09-878F-ED70AF5EF1D2}.Debug|x64.Build.0 = Debug|Any CPU
		{4FD9C2E4-342D-4B09-878F-ED70AF5EF1D2}.Debug|x86.ActiveCfg = Debug|Any CPU
		{4FD9C2E4-342D-4B09-878F-ED70AF5EF1D2}.Debug|x86.Build.0 = Debug|Any CPU
		{4FD9C2E4-342D-4B09-878F-ED70AF5EF1D2}.Release|Any CPU.ActiveCfg = Release|Any CPU
		{4FD9C2E4-342D-4B09-878F-ED70AF5EF1D2}.Release|Any CPU.Build.0 = Release|Any CPU
		{4FD9C2E4-342D-4B09-878F-ED70AF5EF1D2}.Release|x64.ActiveCfg = Release|Any CPU
		{4FD9C2E4-342D-4B09-878F-ED70AF5EF1D2}.Release|x64.Build.0 = Release|Any CPU
		{4FD9C2E4-342D-4B09-878F-ED70AF5EF1D2}.Release|x86.ActiveCfg = Release|Any CPU
		{4FD9C2E4-342D-4B09-878F-ED70AF5EF1D2}.Release|x86.Build.0 = Release|Any CPU
		{CF28E6DB-D41F-4C5C-AB8A-ADC382F6133C}.Debug|Any CPU.ActiveCfg = Debug|Any CPU
		{CF28E6DB-D41F-4C5C-AB8A-ADC382F6133C}.Debug|Any CPU.Build.0 = Debug|Any CPU
		{CF28E6DB-D41F-4C5C-AB8A-ADC382F6133C}.Debug|x64.ActiveCfg = Debug|Any CPU
		{CF28E6DB-D41F-4C5C-AB8A-ADC382F6133C}.Debug|x64.Build.0 = Debug|Any CPU
		{CF28E6DB-D41F-4C5C-AB8A-ADC382F6133C}.Debug|x86.ActiveCfg = Debug|Any CPU
		{CF28E6DB-D41F-4C5C-AB8A-ADC382F6133C}.Debug|x86.Build.0 = Debug|Any CPU
		{CF28E6DB-D41F-4C5C-AB8A-ADC382F6133C}.Release|Any CPU.ActiveCfg = Release|Any CPU
		{CF28E6DB-D41F-4C5C-AB8A-ADC382F6133C}.Release|Any CPU.Build.0 = Release|Any CPU
		{CF28E6DB-D41F-4C5C-AB8A-ADC382F6133C}.Release|x64.ActiveCfg = Release|Any CPU
		{CF28E6DB-D41F-4C5C-AB8A-ADC382F6133C}.Release|x64.Build.0 = Release|Any CPU
		{CF28E6DB-D41F-4C5C-AB8A-ADC382F6133C}.Release|x86.ActiveCfg = Release|Any CPU
		{CF28E6DB-D41F-4C5C-AB8A-ADC382F6133C}.Release|x86.Build.0 = Release|Any CPU
	EndGlobalSection
	GlobalSection(SolutionProperties) = preSolution
		HideSolutionNode = FALSE
	EndGlobalSection
	GlobalSection(NestedProjects) = preSolution
		{562E2246-C434-4469-A24C-E5828F057944} = {827E0CD3-B72D-47B6-A68D-7590B98EB39B}
		{2056BE45-1706-4A4D-8426-E629AC385753} = {827E0CD3-B72D-47B6-A68D-7590B98EB39B}
		{2058FC3E-447A-422B-8D39-F48BCFC08E19} = {827E0CD3-B72D-47B6-A68D-7590B98EB39B}
		{8BD9EA05-9164-44A9-A308-DAE6896A8A3F} = {827E0CD3-B72D-47B6-A68D-7590B98EB39B}
		{4FD9C2E4-342D-4B09-878F-ED70AF5EF1D2} = {0AB3BF05-4346-4AA6-1389-037BE0695223}
		{CF28E6DB-D41F-4C5C-AB8A-ADC382F6133C} = {0AB3BF05-4346-4AA6-1389-037BE0695223}
	EndGlobalSection
EndGlobal
